
Microsoft Visual Studio Solution File, Format Version 12.00
# Visual Studio 15
VisualStudioVersion = 15.0.27703.2042
MinimumVisualStudioVersion = 10.0.40219.1
Project("{FAE04EC0-301F-11D3-BF4B-00C04F79EFBC}") = "01Presentacion", "01Presentacion\01Presentacion.csproj", "{20DE8C03-22A1-4D46-B7C0-BEDDE2677320}"
EndProject
Project("{FAE04EC0-301F-11D3-BF4B-00C04F79EFBC}") = "02LogicaNegocios", "02LogicaNegocios\02LogicaNegocios.csproj", "{3CF6CA71-8631-4C8F-A5EA-26378FA89EB3}"
EndProject
Project("{FAE04EC0-301F-11D3-BF4B-00C04F79EFBC}") = "03AccesoDatos", "03AccesoDatos\03AccesoDatos.csproj", "{FF86944F-B0EE-48DB-B383-34D2B2BC3403}"
EndProject
Project("{FAE04EC0-301F-11D3-BF4B-00C04F79EFBC}") = "04Entidades", "04Entidades\04Entidades.csproj", "{B85BB45A-BB01-453C-915E-B02AA78C888E}"
EndProject
Project("{FAE04EC0-301F-11D3-BF4B-00C04F79EFBC}") = "00Servicios", "00Servicios\00Servicios.csproj", "{4B6C13A9-D078-438E-BB9D-237ADDDDBDF5}"
EndProject
Global
	GlobalSection(SolutionConfigurationPlatforms) = preSolution
		Debug|Any CPU = Debug|Any CPU
		Debug|ARM = Debug|ARM
		Debug|x64 = Debug|x64
		Debug|x86 = Debug|x86
		Release|Any CPU = Release|Any CPU
		Release|ARM = Release|ARM
		Release|x64 = Release|x64
		Release|x86 = Release|x86
	EndGlobalSection
	GlobalSection(ProjectConfigurationPlatforms) = postSolution
		{20DE8C03-22A1-4D46-B7C0-BEDDE2677320}.Debug|Any CPU.ActiveCfg = Debug|Any CPU
		{20DE8C03-22A1-4D46-B7C0-BEDDE2677320}.Debug|Any CPU.Build.0 = Debug|Any CPU
		{20DE8C03-22A1-4D46-B7C0-BEDDE2677320}.Debug|ARM.ActiveCfg = Debug|Any CPU
		{20DE8C03-22A1-4D46-B7C0-BEDDE2677320}.Debug|ARM.Build.0 = Debug|Any CPU
		{20DE8C03-22A1-4D46-B7C0-BEDDE2677320}.Debug|x64.ActiveCfg = Debug|Any CPU
		{20DE8C03-22A1-4D46-B7C0-BEDDE2677320}.Debug|x64.Build.0 = Debug|Any CPU
		{20DE8C03-22A1-4D46-B7C0-BEDDE2677320}.Debug|x86.ActiveCfg = Debug|Any CPU
		{20DE8C03-22A1-4D46-B7C0-BEDDE2677320}.Debug|x86.Build.0 = Debug|Any CPU
		{20DE8C03-22A1-4D46-B7C0-BEDDE2677320}.Release|Any CPU.ActiveCfg = Release|Any CPU
		{20DE8C03-22A1-4D46-B7C0-BEDDE2677320}.Release|Any CPU.Build.0 = Release|Any CPU
		{20DE8C03-22A1-4D46-B7C0-BEDDE2677320}.Release|ARM.ActiveCfg = Release|Any CPU
		{20DE8C03-22A1-4D46-B7C0-BEDDE2677320}.Release|ARM.Build.0 = Release|Any CPU
		{20DE8C03-22A1-4D46-B7C0-BEDDE2677320}.Release|x64.ActiveCfg = Release|Any CPU
		{20DE8C03-22A1-4D46-B7C0-BEDDE2677320}.Release|x64.Build.0 = Release|Any CPU
		{20DE8C03-22A1-4D46-B7C0-BEDDE2677320}.Release|x86.ActiveCfg = Release|Any CPU
		{20DE8C03-22A1-4D46-B7C0-BEDDE2677320}.Release|x86.Build.0 = Release|Any CPU
		{3CF6CA71-8631-4C8F-A5EA-26378FA89EB3}.Debug|Any CPU.ActiveCfg = Debug|Any CPU
		{3CF6CA71-8631-4C8F-A5EA-26378FA89EB3}.Debug|Any CPU.Build.0 = Debug|Any CPU
		{3CF6CA71-8631-4C8F-A5EA-26378FA89EB3}.Debug|ARM.ActiveCfg = Debug|Any CPU
		{3CF6CA71-8631-4C8F-A5EA-26378FA89EB3}.Debug|ARM.Build.0 = Debug|Any CPU
		{3CF6CA71-8631-4C8F-A5EA-26378FA89EB3}.Debug|x64.ActiveCfg = Debug|Any CPU
		{3CF6CA71-8631-4C8F-A5EA-26378FA89EB3}.Debug|x64.Build.0 = Debug|Any CPU
		{3CF6CA71-8631-4C8F-A5EA-26378FA89EB3}.Debug|x86.ActiveCfg = Debug|Any CPU
		{3CF6CA71-8631-4C8F-A5EA-26378FA89EB3}.Debug|x86.Build.0 = Debug|Any CPU
		{3CF6CA71-8631-4C8F-A5EA-26378FA89EB3}.Release|Any CPU.ActiveCfg = Release|Any CPU
		{3CF6CA71-8631-4C8F-A5EA-26378FA89EB3}.Release|Any CPU.Build.0 = Release|Any CPU
		{3CF6CA71-8631-4C8F-A5EA-26378FA89EB3}.Release|ARM.ActiveCfg = Release|Any CPU
		{3CF6CA71-8631-4C8F-A5EA-26378FA89EB3}.Release|ARM.Build.0 = Release|Any CPU
		{3CF6CA71-8631-4C8F-A5EA-26378FA89EB3}.Release|x64.ActiveCfg = Release|Any CPU
		{3CF6CA71-8631-4C8F-A5EA-26378FA89EB3}.Release|x64.Build.0 = Release|Any CPU
		{3CF6CA71-8631-4C8F-A5EA-26378FA89EB3}.Release|x86.ActiveCfg = Release|Any CPU
		{3CF6CA71-8631-4C8F-A5EA-26378FA89EB3}.Release|x86.Build.0 = Release|Any CPU
		{FF86944F-B0EE-48DB-B383-34D2B2BC3403}.Debug|Any CPU.ActiveCfg = Debug|Any CPU
		{FF86944F-B0EE-48DB-B383-34D2B2BC3403}.Debug|Any CPU.Build.0 = Debug|Any CPU
		{FF86944F-B0EE-48DB-B383-34D2B2BC3403}.Debug|ARM.ActiveCfg = Debug|Any CPU
		{FF86944F-B0EE-48DB-B383-34D2B2BC3403}.Debug|ARM.Build.0 = Debug|Any CPU
		{FF86944F-B0EE-48DB-B383-34D2B2BC3403}.Debug|x64.ActiveCfg = Debug|Any CPU
		{FF86944F-B0EE-48DB-B383-34D2B2BC3403}.Debug|x64.Build.0 = Debug|Any CPU
		{FF86944F-B0EE-48DB-B383-34D2B2BC3403}.Debug|x86.ActiveCfg = Debug|Any CPU
		{FF86944F-B0EE-48DB-B383-34D2B2BC3403}.Debug|x86.Build.0 = Debug|Any CPU
		{FF86944F-B0EE-48DB-B383-34D2B2BC3403}.Release|Any CPU.ActiveCfg = Release|Any CPU
		{FF86944F-B0EE-48DB-B383-34D2B2BC3403}.Release|Any CPU.Build.0 = Release|Any CPU
		{FF86944F-B0EE-48DB-B383-34D2B2BC3403}.Release|ARM.ActiveCfg = Release|Any CPU
		{FF86944F-B0EE-48DB-B383-34D2B2BC3403}.Release|ARM.Build.0 = Release|Any CPU
		{FF86944F-B0EE-48DB-B383-34D2B2BC3403}.Release|x64.ActiveCfg = Release|Any CPU
		{FF86944F-B0EE-48DB-B383-34D2B2BC3403}.Release|x64.Build.0 = Release|Any CPU
		{FF86944F-B0EE-48DB-B383-34D2B2BC3403}.Release|x86.ActiveCfg = Release|Any CPU
		{FF86944F-B0EE-48DB-B383-34D2B2BC3403}.Release|x86.Build.0 = Release|Any CPU
		{B85BB45A-BB01-453C-915E-B02AA78C888E}.Debug|Any CPU.ActiveCfg = Debug|Any CPU
		{B85BB45A-BB01-453C-915E-B02AA78C888E}.Debug|Any CPU.Build.0 = Debug|Any CPU
		{B85BB45A-BB01-453C-915E-B02AA78C888E}.Debug|ARM.ActiveCfg = Debug|Any CPU
		{B85BB45A-BB01-453C-915E-B02AA78C888E}.Debug|ARM.Build.0 = Debug|Any CPU
		{B85BB45A-BB01-453C-915E-B02AA78C888E}.Debug|x64.ActiveCfg = Debug|Any CPU
		{B85BB45A-BB01-453C-915E-B02AA78C888E}.Debug|x64.Build.0 = Debug|Any CPU
		{B85BB45A-BB01-453C-915E-B02AA78C888E}.Debug|x86.ActiveCfg = Debug|Any CPU
		{B85BB45A-BB01-453C-915E-B02AA78C888E}.Debug|x86.Build.0 = Debug|Any CPU
		{B85BB45A-BB01-453C-915E-B02AA78C888E}.Release|Any CPU.ActiveCfg = Release|Any CPU
		{B85BB45A-BB01-453C-915E-B02AA78C888E}.Release|Any CPU.Build.0 = Release|Any CPU
		{B85BB45A-BB01-453C-915E-B02AA78C888E}.Release|ARM.ActiveCfg = Release|Any CPU
		{B85BB45A-BB01-453C-915E-B02AA78C888E}.Release|ARM.Build.0 = Release|Any CPU
		{B85BB45A-BB01-453C-915E-B02AA78C888E}.Release|x64.ActiveCfg = Release|Any CPU
		{B85BB45A-BB01-453C-915E-B02AA78C888E}.Release|x64.Build.0 = Release|Any CPU
		{B85BB45A-BB01-453C-915E-B02AA78C888E}.Release|x86.ActiveCfg = Release|Any CPU
		{B85BB45A-BB01-453C-915E-B02AA78C888E}.Release|x86.Build.0 = Release|Any CPU
		{4B6C13A9-D078-438E-BB9D-237ADDDDBDF5}.Debug|Any CPU.ActiveCfg = Debug|Any CPU
		{4B6C13A9-D078-438E-BB9D-237ADDDDBDF5}.Debug|Any CPU.Build.0 = Debug|Any CPU
		{4B6C13A9-D078-438E-BB9D-237ADDDDBDF5}.Debug|ARM.ActiveCfg = Debug|Any CPU
		{4B6C13A9-D078-438E-BB9D-237ADDDDBDF5}.Debug|ARM.Build.0 = Debug|Any CPU
		{4B6C13A9-D078-438E-BB9D-237ADDDDBDF5}.Debug|x64.ActiveCfg = Debug|Any CPU
		{4B6C13A9-D078-438E-BB9D-237ADDDDBDF5}.Debug|x64.Build.0 = Debug|Any CPU
		{4B6C13A9-D078-438E-BB9D-237ADDDDBDF5}.Debug|x86.ActiveCfg = Debug|Any CPU
		{4B6C13A9-D078-438E-BB9D-237ADDDDBDF5}.Debug|x86.Build.0 = Debug|Any CPU
		{4B6C13A9-D078-438E-BB9D-237ADDDDBDF5}.Release|Any CPU.ActiveCfg = Release|Any CPU
		{4B6C13A9-D078-438E-BB9D-237ADDDDBDF5}.Release|Any CPU.Build.0 = Release|Any CPU
		{4B6C13A9-D078-438E-BB9D-237ADDDDBDF5}.Release|ARM.ActiveCfg = Release|Any CPU
		{4B6C13A9-D078-438E-BB9D-237ADDDDBDF5}.Release|ARM.Build.0 = Release|Any CPU
		{4B6C13A9-D078-438E-BB9D-237ADDDDBDF5}.Release|x64.ActiveCfg = Release|Any CPU
		{4B6C13A9-D078-438E-BB9D-237ADDDDBDF5}.Release|x64.Build.0 = Release|Any CPU
		{4B6C13A9-D078-438E-BB9D-237ADDDDBDF5}.Release|x86.ActiveCfg = Release|Any CPU
		{4B6C13A9-D078-438E-BB9D-237ADDDDBDF5}.Release|x86.Build.0 = Release|Any CPU
	EndGlobalSection
	GlobalSection(SolutionProperties) = preSolution
		HideSolutionNode = FALSE
	EndGlobalSection
	GlobalSection(ExtensibilityGlobals) = postSolution
		SolutionGuid = {DB04F55A-BA02-43A4-8A8F-E4A530671610}
	EndGlobalSection
EndGlobal
